
Microsoft Visual Studio Solution File, Format Version 12.00
# Visual Studio 2012
Project("{FAE04EC0-301F-11D3-BF4B-00C04F79EFBC}") = "Core", "source\Core\Core.csproj", "{26AC5CE1-D365-483C-B536-B128EC826614}"
EndProject
Project("{FAE04EC0-301F-11D3-BF4B-00C04F79EFBC}") = "Cms.Umbraco", "source\Cms.Umbraco\Cms.Umbraco.csproj", "{2D921B67-4762-4D81-B42A-2B94C5846DF2}"
EndProject
Project("{FAE04EC0-301F-11D3-BF4B-00C04F79EFBC}") = "Models", "source\Models\Models.csproj", "{E2E58D89-FCBF-4DF8-AB37-F526FCBECC5B}"
EndProject
Project("{2150E333-8FDC-42A3-9474-1A3956D46DE8}") = "Solution items", "Solution items", "{C8730FB7-DB52-40B6-AD26-59A79A427BA4}"
	ProjectSection(SolutionItems) = preProject
		LICENSE.md = LICENSE.md
		README.md = README.md
	EndProjectSection
EndProject
Project("{2150E333-8FDC-42A3-9474-1A3956D46DE8}") = "Nuget", "Nuget", "{0073D88B-1EF8-4202-84EC-C7522F82DB0F}"
	ProjectSection(SolutionItems) = preProject
		source\Core\Core.nuspec = source\Core\Core.nuspec
		nuget\web.config.install.xdt = nuget\web.config.install.xdt
		nuget\web.config.uninstall.xdt = nuget\web.config.uninstall.xdt
	EndProjectSection
EndProject
Project("{2150E333-8FDC-42A3-9474-1A3956D46DE8}") = "Powershell", "Powershell", "{0D164B8A-FE4D-4FF9-9A70-1BA46B971DBC}"
	ProjectSection(SolutionItems) = preProject
		Create core package.ps1 = Create core package.ps1
	EndProjectSection
EndProject
Global
	GlobalSection(SolutionConfigurationPlatforms) = preSolution
		Debug|Any CPU = Debug|Any CPU
		Release|Any CPU = Release|Any CPU
	EndGlobalSection
	GlobalSection(ProjectConfigurationPlatforms) = postSolution
		{26AC5CE1-D365-483C-B536-B128EC826614}.Debug|Any CPU.ActiveCfg = Debug|Any CPU
		{26AC5CE1-D365-483C-B536-B128EC826614}.Debug|Any CPU.Build.0 = Debug|Any CPU
		{26AC5CE1-D365-483C-B536-B128EC826614}.Release|Any CPU.ActiveCfg = Release|Any CPU
		{26AC5CE1-D365-483C-B536-B128EC826614}.Release|Any CPU.Build.0 = Release|Any CPU
		{2D921B67-4762-4D81-B42A-2B94C5846DF2}.Debug|Any CPU.ActiveCfg = Debug|Any CPU
		{2D921B67-4762-4D81-B42A-2B94C5846DF2}.Debug|Any CPU.Build.0 = Debug|Any CPU
		{2D921B67-4762-4D81-B42A-2B94C5846DF2}.Release|Any CPU.ActiveCfg = Release|Any CPU
		{2D921B67-4762-4D81-B42A-2B94C5846DF2}.Release|Any CPU.Build.0 = Release|Any CPU
		{E2E58D89-FCBF-4DF8-AB37-F526FCBECC5B}.Debug|Any CPU.ActiveCfg = Debug|Any CPU
		{E2E58D89-FCBF-4DF8-AB37-F526FCBECC5B}.Debug|Any CPU.Build.0 = Debug|Any CPU
		{E2E58D89-FCBF-4DF8-AB37-F526FCBECC5B}.Release|Any CPU.ActiveCfg = Release|Any CPU
		{E2E58D89-FCBF-4DF8-AB37-F526FCBECC5B}.Release|Any CPU.Build.0 = Release|Any CPU
	EndGlobalSection
	GlobalSection(SolutionProperties) = preSolution
		HideSolutionNode = FALSE
	EndGlobalSection
EndGlobal
